# This file was autogenerated by Stack.
# You should not edit this file by hand.
# For more information, please see the documentation at:
#   https://docs.haskellstack.org/en/stable/lock_files

packages:
- completed:
    hackage: Unique-0.4.7.9@sha256:7c37e22b7bb9df935c22112e67043177461aedcebe3a958854f6c0e9ecb54083,2155
    pantry-tree:
      sha256: 67d44a292c49ab6cf09225c05186f1ab64b359e965017d9d389411e4c79f0803
      size: 1366
  original:
    hackage: Unique-0.4.7.9@sha256:7c37e22b7bb9df935c22112e67043177461aedcebe3a958854f6c0e9ecb54083,2155
snapshots:
- completed:
    sha256: 17870c63f8041ac17a38096124abeb953cb14d84bfc96deb88f9b24daa97b347
    size: 649332
    url: https://raw.githubusercontent.com/commercialhaskell/stackage-snapshots/master/lts/20/10.yaml
  original:
    url: https://raw.githubusercontent.com/commercialhaskell/stackage-snapshots/master/lts/20/10.yaml
